
Microsoft Visual Studio Solution File, Format Version 12.00
# Visual Studio Version 17
VisualStudioVersion = 17.0.32112.339
MinimumVisualStudioVersion = 10.0.40219.1
Project("{9A19103F-16F7-4668-BE54-9A1E7A4F7556}") = "RunnerGame", "RunnerGame.csproj", "{B42607FD-944C-4808-A9F7-9D5FF1704557}"
EndProject
Global
	GlobalSection(SolutionConfigurationPlatforms) = preSolution
		Debug|Any CPU = Debug|Any CPU
		Release|Any CPU = Release|Any CPU
	EndGlobalSection
	GlobalSection(ProjectConfigurationPlatforms) = postSolution
		{B42607FD-944C-4808-A9F7-9D5FF1704557}.Debug|Any CPU.ActiveCfg = Debug|Any CPU
		{B42607FD-944C-4808-A9F7-9D5FF1704557}.Debug|Any CPU.Build.0 = Debug|Any CPU
		{B42607FD-944C-4808-A9F7-9D5FF1704557}.Release|Any CPU.ActiveCfg = Release|Any CPU
		{B42607FD-944C-4808-A9F7-9D5FF1704557}.Release|Any CPU.Build.0 = Release|Any CPU
	EndGlobalSection
	GlobalSection(SolutionProperties) = preSolution
		HideSolutionNode = FALSE
	EndGlobalSection
	GlobalSection(ExtensibilityGlobals) = postSolution
		SolutionGuid = {625B299E-76CA-49F5-BC85-C9B2A22721E7}
	EndGlobalSection
EndGlobal
